lockfileVersion: '6.0'

dependencies:
  '@axe-core/playwright':
    specifier: ^4.6.1
    version: 4.6.1(playwright@1.32.3)
  '@playwright/test':
    specifier: ^1.33.0
    version: 1.33.0
  dotenv:
    specifier: ^16.0.3
    version: 16.0.3

devDependencies:
  '@faker-js/faker':
    specifier: ^7.6.0
    version: 7.6.0
  '@types/node':
    specifier: ^18.16.0
    version: 18.16.0
  allure-playwright:
    specifier: ^2.2.1
    version: 2.2.1

packages:

  /@axe-core/playwright@4.6.1(playwright@1.32.3):
    resolution: {integrity: sha512-XMKP2OzGfGIYpU9G9FgI2ulyjEXQDP6qtZerOwdQ7YC1w4SFgofK3ogSk0qVoy0QI+q6XWLUJMfMMkUwdTR2dA==}
    peerDependencies:
      playwright: '>= 1.0.0'
    dependencies:
      axe-core: 4.7.0
      playwright: 1.32.3
    dev: false

  /@faker-js/faker@7.6.0:
    resolution: {integrity: sha512-XK6BTq1NDMo9Xqw/YkYyGjSsg44fbNwYRx7QK2CuoQgyy+f1rrTDHoExVM5PsyXCtfl2vs2vVJ0MN0yN6LppRw==}
    engines: {node: '>=14.0.0', npm: '>=6.0.0'}
    dev: true

  /@playwright/test@1.33.0:
    resolution: {integrity: sha512-YunBa2mE7Hq4CfPkGzQRK916a4tuZoVx/EpLjeWlTVOnD4S2+fdaQZE0LJkbfhN5FTSKNLdcl7MoT5XB37bTkg==}
    engines: {node: '>=14'}
    hasBin: true
    dependencies:
      '@types/node': 18.16.0
      playwright-core: 1.33.0
    optionalDependencies:
      fsevents: 2.3.2
    dev: false

  /@types/node@18.16.0:
    resolution: {integrity: sha512-BsAaKhB+7X+H4GnSjGhJG9Qi8Tw+inU9nJDwmD5CgOmBLEI6ArdhikpLX7DjbjDRDTbqZzU2LSQNZg8WGPiSZQ==}

  /allure-js-commons@2.2.1:
    resolution: {integrity: sha512-hB1lvfdfvfKETHeChRkm83qGwaQk4V0luzlokKrjvFjlHeB6Q5Y2uUZTzfjI2PgW3TLO1g6iX6a8PPjwKX/qkA==}
    dependencies:
      properties: 1.2.1
      uuid: 8.3.2
    dev: true

  /allure-playwright@2.2.1:
    resolution: {integrity: sha512-Fq7CpvvevNXXhIkOybbJGhGZnK2+zEfnD6b8wAyy6B14SNB7VOh0rqyh7D6yDNWkXevmNiwSrUrpObq/ORPPiw==}
    dependencies:
      allure-js-commons: 2.2.1
    dev: true

  /axe-core@4.7.0:
    resolution: {integrity: sha512-M0JtH+hlOL5pLQwHOLNYZaXuhqmvS8oExsqB1SBYgA4Dk7u/xx+YdGHXaK5pyUfed5mYXdlYiphWq3G8cRi5JQ==}
    engines: {node: '>=4'}
    dev: false

  /dotenv@16.0.3:
    resolution: {integrity: sha512-7GO6HghkA5fYG9TYnNxi14/7K9f5occMlp3zXAuSxn7CKCxt9xbNWG7yF8hTCSUchlfWSe3uLmlPfigevRItzQ==}
    engines: {node: '>=12'}
    dev: false

  /fsevents@2.3.2:
    resolution: {integrity: sha512-xiqMQR4xAeHTuB9uWm+fFRcIOgKBMiOBP+eXiyT7jsgVCq1bkVygt00oASowB7EdtpOHaaPgKt812P9ab+DDKA==}
    engines: {node: ^8.16.0 || ^10.6.0 || >=11.0.0}
    os: [darwin]
    requiresBuild: true
    dev: false
    optional: true

  /playwright-core@1.32.3:
    resolution: {integrity: sha512-SB+cdrnu74ZIn5Ogh/8278ngEh9NEEV0vR4sJFmK04h2iZpybfbqBY0bX6+BLYWVdV12JLLI+JEFtSnYgR+mWg==}
    engines: {node: '>=14'}
    hasBin: true
    dev: false

  /playwright-core@1.33.0:
    resolution: {integrity: sha512-aizyPE1Cj62vAECdph1iaMILpT0WUDCq3E6rW6I+dleSbBoGbktvJtzS6VHkZ4DKNEOG9qJpiom/ZxO+S15LAw==}
    engines: {node: '>=14'}
    hasBin: true
    dev: false

  /playwright@1.32.3:
    resolution: {integrity: sha512-h/ylpgoj6l/EjkfUDyx8cdOlfzC96itPpPe8BXacFkqpw/YsuxkpPyVbzEq4jw+bAJh5FLgh31Ljg2cR6HV3uw==}
    engines: {node: '>=14'}
    hasBin: true
    requiresBuild: true
    dependencies:
      playwright-core: 1.32.3
    dev: false

  /properties@1.2.1:
    resolution: {integrity: sha512-qYNxyMj1JeW54i/EWEFsM1cVwxJbtgPp8+0Wg9XjNaK6VE/c4oRi6PNu5p7w1mNXEIQIjV5Wwn8v8Gz82/QzdQ==}
    engines: {node: '>=0.10'}
    dev: true

  /uuid@8.3.2:
    resolution: {integrity: sha512-+NYs2QeMWy+GWFOEm9xnn6HCDp0l7QBD7ml8zLUmJ+93Q5NF0NocErnwkTkXVFNiX3/fpC6afS8Dhb/gz7R7eg==}
    hasBin: true
    dev: true
